
Microsoft Visual Studio Solution File, Format Version 12.00
# Visual Studio Version 17
VisualStudioVersion = 17.9.34622.214
MinimumVisualStudioVersion = 10.0.40219.1
Project("{FAE04EC0-301F-11D3-BF4B-00C04F79EFBC}") = "Horario semanal", "Horario semanal\Horario semanal.csproj", "{2F7EA489-217A-4A13-BC3F-1D2B9FE637D1}"
EndProject
Global
	GlobalSection(SolutionConfigurationPlatforms) = preSolution
		Debug|Any CPU = Debug|Any CPU
		Release|Any CPU = Release|Any CPU
	EndGlobalSection
	GlobalSection(ProjectConfigurationPlatforms) = postSolution
		{2F7EA489-217A-4A13-BC3F-1D2B9FE637D1}.Debug|Any CPU.ActiveCfg = Debug|Any CPU
		{2F7EA489-217A-4A13-BC3F-1D2B9FE637D1}.Debug|Any CPU.Build.0 = Debug|Any CPU
		{2F7EA489-217A-4A13-BC3F-1D2B9FE637D1}.Release|Any CPU.ActiveCfg = Release|Any CPU
		{2F7EA489-217A-4A13-BC3F-1D2B9FE637D1}.Release|Any CPU.Build.0 = Release|Any CPU
	EndGlobalSection
	GlobalSection(SolutionProperties) = preSolution
		HideSolutionNode = FALSE
	EndGlobalSection
	GlobalSection(ExtensibilityGlobals) = postSolution
		SolutionGuid = {5D2087C1-9F12-4B41-954D-86414815478D}
	EndGlobalSection
EndGlobal
